
Microsoft Visual Studio Solution File, Format Version 12.00
# Visual Studio Version 17
VisualStudioVersion = 17.1.32210.238
MinimumVisualStudioVersion = 10.0.40219.1
Project("{FAE04EC0-301F-11D3-BF4B-00C04F79EFBC}") = "Binary2", "Binary2\Binary2.csproj", "{4CB65A7D-6272-4B0C-9D2B-06D28F324A9A}"
EndProject
Global
	GlobalSection(SolutionConfigurationPlatforms) = preSolution
		Debug|Any CPU = Debug|Any CPU
		Release|Any CPU = Release|Any CPU
	EndGlobalSection
	GlobalSection(ProjectConfigurationPlatforms) = postSolution
		{4CB65A7D-6272-4B0C-9D2B-06D28F324A9A}.Debug|Any CPU.ActiveCfg = Debug|Any CPU
		{4CB65A7D-6272-4B0C-9D2B-06D28F324A9A}.Debug|Any CPU.Build.0 = Debug|Any CPU
		{4CB65A7D-6272-4B0C-9D2B-06D28F324A9A}.Release|Any CPU.ActiveCfg = Release|Any CPU
		{4CB65A7D-6272-4B0C-9D2B-06D28F324A9A}.Release|Any CPU.Build.0 = Release|Any CPU
	EndGlobalSection
	GlobalSection(SolutionProperties) = preSolution
		HideSolutionNode = FALSE
	EndGlobalSection
	GlobalSection(ExtensibilityGlobals) = postSolution
		SolutionGuid = {26845DCE-112E-4428-AF84-4D5F51A20BE4}
	EndGlobalSection
EndGlobal
